github.com/beevik/etree v1.1.0 h1:T0xke/WvNtMoCqgzPhkX2r4rjY3GDZFi+FjpRZY2Jbs=
github.com/beevik/etree v1.1.0/go.mod h1:r8Aw8JqVegEf0w2fDnATrX9VpkMcyFeM0FhwO62wh+A=
github.com/google/uuid v1.1.1 h1:Gkbcsh/GbpXz7lPftLA3P6TYMwjCLYm83jiFQZF/3gY=
github.com/google/uuid v1.1.1/go.mod h1:TIyPZe4MgqvfeYDBFedMoGGpEw/LqOeaOT+nhxU+yHo=
github.com/qiniu/api.v7/v7 v7.5.0 h1:DY6NrIp6FZ1GP4Roc9hRnO2m+OLzASYNnvz5Mbgw1rk=
github.com/qiniu/api.v7/v7 v7.5.0/go.mod h1:VE5oC5rkE1xul0u1S2N0b2Uxq9/6hZzhyqjgK25XDcM=
